
Microsoft Visual Studio Solution File, Format Version 12.00
# Visual Studio Version 16
VisualStudioVersion = 16.0.33214.272
MinimumVisualStudioVersion = 10.0.40219.1
Project("{FAE04EC0-301F-11D3-BF4B-00C04F79EFBC}") = "Mission4-Dallas", "Mission4-Dallas\Mission4-Dallas.csproj", "{B29693F5-6EC4-43CE-9EF3-71A826C499D2}"
EndProject
Global
	GlobalSection(SolutionConfigurationPlatforms) = preSolution
		Debug|Any CPU = Debug|Any CPU
		Release|Any CPU = Release|Any CPU
	EndGlobalSection
	GlobalSection(ProjectConfigurationPlatforms) = postSolution
		{B29693F5-6EC4-43CE-9EF3-71A826C499D2}.Debug|Any CPU.ActiveCfg = Debug|Any CPU
		{B29693F5-6EC4-43CE-9EF3-71A826C499D2}.Debug|Any CPU.Build.0 = Debug|Any CPU
		{B29693F5-6EC4-43CE-9EF3-71A826C499D2}.Release|Any CPU.ActiveCfg = Release|Any CPU
		{B29693F5-6EC4-43CE-9EF3-71A826C499D2}.Release|Any CPU.Build.0 = Release|Any CPU
	EndGlobalSection
	GlobalSection(SolutionProperties) = preSolution
		HideSolutionNode = FALSE
	EndGlobalSection
	GlobalSection(ExtensibilityGlobals) = postSolution
		SolutionGuid = {E47104B6-02CF-406B-83F3-13F1E917155F}
	EndGlobalSection
EndGlobal
